
Microsoft Visual Studio Solution File, Format Version 12.00
# Visual Studio 15
Project("{FAE04EC0-301F-11D3-BF4B-00C04F79EFBC}") = "Assembly-CSharp", "Assembly-CSharp.csproj", "{540B7934-0B56-D651-F646-946A6378BDFB}"
EndProject
Project("{FAE04EC0-301F-11D3-BF4B-00C04F79EFBC}") = "Assembly-CSharp-Editor", "Assembly-CSharp-Editor.csproj", "{99516BB3-5054-FE2A-13A5-9220EEAD854C}"
EndProject
Global
	GlobalSection(SolutionConfigurationPlatforms) = preSolution
		Debug|Any CPU = Debug|Any CPU
		Release|Any CPU = Release|Any CPU
	EndGlobalSection
	GlobalSection(ProjectConfigurationPlatforms) = postSolution
		{540B7934-0B56-D651-F646-946A6378BDFB}.Debug|Any CPU.ActiveCfg = Debug|Any CPU
		{540B7934-0B56-D651-F646-946A6378BDFB}.Debug|Any CPU.Build.0 = Debug|Any CPU
		{540B7934-0B56-D651-F646-946A6378BDFB}.Release|Any CPU.ActiveCfg = Release|Any CPU
		{540B7934-0B56-D651-F646-946A6378BDFB}.Release|Any CPU.Build.0 = Release|Any CPU
		{99516BB3-5054-FE2A-13A5-9220EEAD854C}.Debug|Any CPU.ActiveCfg = Debug|Any CPU
		{99516BB3-5054-FE2A-13A5-9220EEAD854C}.Debug|Any CPU.Build.0 = Debug|Any CPU
		{99516BB3-5054-FE2A-13A5-9220EEAD854C}.Release|Any CPU.ActiveCfg = Release|Any CPU
		{99516BB3-5054-FE2A-13A5-9220EEAD854C}.Release|Any CPU.Build.0 = Release|Any CPU
	EndGlobalSection
	GlobalSection(SolutionProperties) = preSolution
		HideSolutionNode = FALSE
	EndGlobalSection
EndGlobal
